# THIS IS AN AUTOGENERATED FILE. DO NOT EDIT THIS FILE DIRECTLY.
# yarn lockfile v1


environ@^3.0.3:
  version "3.0.3"
  resolved "https://registry.yarnpkg.com/environ/-/environ-3.0.3.tgz#4e2611d6edd3ab5e489450ca1b4966c30b97df7b"
  integrity sha512-IHy0Fwdgn5Lq3eFr6U9KU+gSpFY1FOivyDXINpof5wmnhvOkBxDo0/uJfN4f9COPVP0pPQ7WHwQH6nKTi4Qkcw==
